<?xml version="1.0" encoding="UTF-8" standalone="yes" ?>
<CodeBlocks_project_file>
	<FileVersion major="1" minor="6" />
	<Project>
		<Option title="edo" />
		<Option pch_mode="2" />
		<Option compiler="gcc" />
		<Build>
			<Target title="Debug">
				<Option output="bin/Debug/edo" prefix_auto="1" extension_auto="1" />
				<Option object_output="obj/Debug/" />
				<Option type="1" />
				<Option compiler="gcc" />
				<Option parameters="-i entrada.txt -o saida.txt" />
				<Compiler>
					<Add option="-g" />
				</Compiler>
			</Target>
			<Target title="Release">
				<Option output="bin/Release/edo" prefix_auto="1" extension_auto="1" />
				<Option object_output="obj/Release/" />
				<Option type="1" />
				<Option compiler="gcc" />
				<Option parameters="-i entrada.txt -o saida.txt" />
				<Compiler>
					<Add option="-O2" />
				</Compiler>
				<Linker>
					<Add option="-s" />
				</Linker>
			</Target>
		</Build>
		<Compiler>
			<Add option="-O3" />
			<Add option="-Wextra" />
			<Add option="-Wall" />
			<Add option="-std=c99" />
		</Compiler>
		<Unit filename="adamsbash3steps.c">
			<Option compilerVar="CC" />
		</Unit>
		<Unit filename="edo.c">
			<Option compilerVar="CC" />
		</Unit>
		<Unit filename="entrada.txt" />
		<Unit filename="max.c">
			<Option compilerVar="CC" />
		</Unit>
		<Unit filename="metodos.h" />
		<Unit filename="rk33.c">
			<Option compilerVar="CC" />
		</Unit>
		<Unit filename="rk44.c">
			<Option compilerVar="CC" />
		</Unit>
		<Unit filename="rkf.c">
			<Option compilerVar="CC" />
		</Unit>
		<Unit filename="rkf45.c">
			<Option compilerVar="CC" />
		</Unit>
		<Unit filename="rkf56.c">
			<Option compilerVar="CC" />
		</Unit>
		<Unit filename="saida.txt" />
		<Unit filename="simpson.c">
			<Option compilerVar="CC" />
		</Unit>
		<Unit filename="trapezio.c">
			<Option compilerVar="CC" />
		</Unit>
		<Unit filename="util.c">
			<Option compilerVar="CC" />
		</Unit>
		<Unit filename="util.h" />
		<Extensions>
			<code_completion />
			<envvars />
			<debugger />
		</Extensions>
	</Project>
</CodeBlocks_project_file>
